// !$*UTF8*$!
{
	archiveVersion = 1;
	classes = {
	};
	objectVersion = 48;
	objects = {

/* Begin PBXBuildFile section */
		D040AFCD2015E81400F7684D /* WebKit.framework in Frameworks */ = {isa = PBXBuildFile; fileRef = D040AFCC2015E81300F7684D /* WebKit.framework */; };
		D04C2B811FB34E38000C8813 /* NewsTableViewController.swift in Sources */ = {isa = PBXBuildFile; fileRef = D04C2B801FB34E38000C8813 /* NewsTableViewController.swift */; };
		D04C2B861FB35580000C8813 /* Gesta Italic.ttf in Resources */ = {isa = PBXBuildFile; fileRef = D04C2B821FB35580000C8813 /* Gesta Italic.ttf */; };
		D04C2B871FB35580000C8813 /* Gesta Light.ttf in Resources */ = {isa = PBXBuildFile; fileRef = D04C2B831FB35580000C8813 /* Gesta Light.ttf */; };
		D04C2B881FB35580000C8813 /* Gesta Bold.ttf in Resources */ = {isa = PBXBuildFile; fileRef = D04C2B841FB35580000C8813 /* Gesta Bold.ttf */; };
		D04C2B891FB35580000C8813 /* Gesta Regular.ttf in Resources */ = {isa = PBXBuildFile; fileRef = D04C2B851FB35580000C8813 /* Gesta Regular.ttf */; };
		D04C2B8B1FB35828000C8813 /* NewsTableViewCell.swift in Sources */ = {isa = PBXBuildFile; fileRef = D04C2B8A1FB35828000C8813 /* NewsTableViewCell.swift */; };
		D04C2B8D1FB364BC000C8813 /* News.swift in Sources */ = {isa = PBXBuildFile; fileRef = D04C2B8C1FB364BC000C8813 /* News.swift */; };
		D0C6AE831FB33E7C0010C882 /* AppDelegate.swift in Sources */ = {isa = PBXBuildFile; fileRef = D0C6AE821FB33E7C0010C882 /* AppDelegate.swift */; };
		D0C6AE851FB33E7C0010C882 /* FirstViewController.swift in Sources */ = {isa = PBXBuildFile; fileRef = D0C6AE841FB33E7C0010C882 /* FirstViewController.swift */; };
		D0C6AE871FB33E7C0010C882 /* SecondViewController.swift in Sources */ = {isa = PBXBuildFile; fileRef = D0C6AE861FB33E7C0010C882 /* SecondViewController.swift */; };
		D0C6AE8A1FB33E7C0010C882 /* Main.storyboard in Resources */ = {isa = PBXBuildFile; fileRef = D0C6AE881FB33E7C0010C882 /* Main.storyboard */; };
		D0C6AE8C1FB33E7C0010C882 /* Assets.xcassets in Resources */ = {isa = PBXBuildFile; fileRef = D0C6AE8B1FB33E7C0010C882 /* Assets.xcassets */; };
		D0C6AE8F1FB33E7C0010C882 /* LaunchScreen.storyboard in Resources */ = {isa = PBXBuildFile; fileRef = D0C6AE8D1FB33E7C0010C882 /* LaunchScreen.storyboard */; };
		D0C6AE9A1FB33E7C0010C882 /* UBBTests.swift in Sources */ = {isa = PBXBuildFile; fileRef = D0C6AE991FB33E7C0010C882 /* UBBTests.swift */; };
		D0F66B3E1FB485A900A00554 /* NewsManager.swift in Sources */ = {isa = PBXBuildFile; fileRef = D0F66B3D1FB485A800A00554 /* NewsManager.swift */; };
		F59FD5951FB5EE35000C67C2 /* SplashViewController.swift in Sources */ = {isa = PBXBuildFile; fileRef = F59FD5941FB5EE35000C67C2 /* SplashViewController.swift */; };
/* End PBXBuildFile section */

/* Begin PBXContainerItemProxy section */
		D0C6AE961FB33E7C0010C882 /* PBXContainerItemProxy */ = {
			isa = PBXContainerItemProxy;
			containerPortal = D0C6AE771FB33E7C0010C882 /* Project object */;
			proxyType = 1;
			remoteGlobalIDString = D0C6AE7E1FB33E7C0010C882;
			remoteInfo = UBB;
		};
/* End PBXContainerItemProxy section */

/* Begin PBXFileReference section */
		D040AFCC2015E81300F7684D /* WebKit.framework */ = {isa = PBXFileReference; lastKnownFileType = wrapper.framework; name = WebKit.framework; path = System/Library/Frameworks/WebKit.framework; sourceTree = SDKROOT; };
		D04C2B801FB34E38000C8813 /* NewsTableViewController.swift */ = {isa = PBXFileReference; lastKnownFileType = sourcecode.swift; path = NewsTableViewController.swift; sourceTree = "<group>"; };
		D04C2B821FB35580000C8813 /* Gesta Italic.ttf */ = {isa = PBXFileReference; lastKnownFileType = file; path = "Gesta Italic.ttf"; sourceTree = "<group>"; };
		D04C2B831FB35580000C8813 /* Gesta Light.ttf */ = {isa = PBXFileReference; lastKnownFileType = file; path = "Gesta Light.ttf"; sourceTree = "<group>"; };
		D04C2B841FB35580000C8813 /* Gesta Bold.ttf */ = {isa = PBXFileReference; lastKnownFileType = file; path = "Gesta Bold.ttf"; sourceTree = "<group>"; };
		D04C2B851FB35580000C8813 /* Gesta Regular.ttf */ = {isa = PBXFileReference; lastKnownFileType = file; path = "Gesta Regular.ttf"; sourceTree = "<group>"; };
		D04C2B8A1FB35828000C8813 /* NewsTableViewCell.swift */ = {isa = PBXFileReference; lastKnownFileType = sourcecode.swift; path = NewsTableViewCell.swift; sourceTree = "<group>"; };
		D04C2B8C1FB364BC000C8813 /* News.swift */ = {isa = PBXFileReference; lastKnownFileType = sourcecode.swift; path = News.swift; sourceTree = "<group>"; };
		D0C6AE7F1FB33E7C0010C882 /* UBB.app */ = {isa = PBXFileReference; explicitFileType = wrapper.application; includeInIndex = 0; path = UBB.app; sourceTree = BUILT_PRODUCTS_DIR; };
		D0C6AE821FB33E7C0010C882 /* AppDelegate.swift */ = {isa = PBXFileReference; lastKnownFileType = sourcecode.swift; path = AppDelegate.swift; sourceTree = "<group>"; };
		D0C6AE841FB33E7C0010C882 /* FirstViewController.swift */ = {isa = PBXFileReference; lastKnownFileType = sourcecode.swift; path = FirstViewController.swift; sourceTree = "<group>"; };
		D0C6AE861FB33E7C0010C882 /* SecondViewController.swift */ = {isa = PBXFileReference; lastKnownFileType = sourcecode.swift; path = SecondViewController.swift; sourceTree = "<group>"; };
		D0C6AE891FB33E7C0010C882 /* Base */ = {isa = PBXFileReference; lastKnownFileType = file.storyboard; name = Base; path = Base.lproj/Main.storyboard; sourceTree = "<group>"; };
		D0C6AE8B1FB33E7C0010C882 /* Assets.xcassets */ = {isa = PBXFileReference; lastKnownFileType = folder.assetcatalog; path = Assets.xcassets; sourceTree = "<group>"; };
		D0C6AE8E1FB33E7C0010C882 /* Base */ = {isa = PBXFileReference; lastKnownFileType = file.storyboard; name = Base; path = Base.lproj/LaunchScreen.storyboard; sourceTree = "<group>"; };
		D0C6AE901FB33E7C0010C882 /* Info.plist */ = {isa = PBXFileReference; lastKnownFileType = text.plist.xml; path = Info.plist; sourceTree = "<group>"; };
		D0C6AE951FB33E7C0010C882 /* UBBTests.xctest */ = {isa = PBXFileReference; explicitFileType = wrapper.cfbundle; includeInIndex = 0; path = UBBTests.xctest; sourceTree = BUILT_PRODUCTS_DIR; };
		D0C6AE991FB33E7C0010C882 /* UBBTests.swift */ = {isa = PBXFileReference; lastKnownFileType = sourcecode.swift; path = UBBTests.swift; sourceTree = "<group>"; };
		D0C6AE9B1FB33E7C0010C882 /* Info.plist */ = {isa = PBXFileReference; lastKnownFileType = text.plist.xml; path = Info.plist; sourceTree = "<group>"; };
		D0F66B3D1FB485A800A00554 /* NewsManager.swift */ = {isa = PBXFileReference; lastKnownFileType = sourcecode.swift; path = NewsManager.swift; sourceTree = "<group>"; };
		F59FD5941FB5EE35000C67C2 /* SplashViewController.swift */ = {isa = PBXFileReference; lastKnownFileType = sourcecode.swift; path = SplashViewController.swift; sourceTree = "<group>"; };
/* End PBXFileReference section */

/* Begin PBXFrameworksBuildPhase section */
		D0C6AE7C1FB33E7C0010C882 /* Frameworks */ = {
			isa = PBXFrameworksBuildPhase;
			buildActionMask = 2147483647;
			files = (
				D040AFCD2015E81400F7684D /* WebKit.framework in Frameworks */,
			);
			runOnlyForDeploymentPostprocessing = 0;
		};
		D0C6AE921FB33E7C0010C882 /* Frameworks */ = {
			isa = PBXFrameworksBuildPhase;
			buildActionMask = 2147483647;
			files = (
			);
			runOnlyForDeploymentPostprocessing = 0;
		};
/* End PBXFrameworksBuildPhase section */

/* Begin PBXGroup section */
		D040AFCB2015E81200F7684D /* Frameworks */ = {
			isa = PBXGroup;
			children = (
				D040AFCC2015E81300F7684D /* WebKit.framework */,
			);
			name = Frameworks;
			sourceTree = "<group>";
		};
		D0C6AE761FB33E7C0010C882 = {
			isa = PBXGroup;
			children = (
				D0C6AE811FB33E7C0010C882 /* UBB */,
				D0C6AE981FB33E7C0010C882 /* UBBTests */,
				D0C6AE801FB33E7C0010C882 /* Products */,
				D040AFCB2015E81200F7684D /* Frameworks */,
			);
			sourceTree = "<group>";
		};
		D0C6AE801FB33E7C0010C882 /* Products */ = {
			isa = PBXGroup;
			children = (
				D0C6AE7F1FB33E7C0010C882 /* UBB.app */,
				D0C6AE951FB33E7C0010C882 /* UBBTests.xctest */,
			);
			name = Products;
			sourceTree = "<group>";
		};
		D0C6AE811FB33E7C0010C882 /* UBB */ = {
			isa = PBXGroup;
			children = (
				D0C6AEA51FB340800010C882 /* Model */,
				D0C6AEA61FB340960010C882 /* View */,
				D0C6AEA71FB3409D0010C882 /* Controller */,
				D0C6AEA81FB340B20010C882 /* Supporting Files */,
				D0C6AE901FB33E7C0010C882 /* Info.plist */,
			);
			path = UBB;
			sourceTree = "<group>";
		};
		D0C6AE981FB33E7C0010C882 /* UBBTests */ = {
			isa = PBXGroup;
			children = (
				D0C6AE991FB33E7C0010C882 /* UBBTests.swift */,
				D0C6AE9B1FB33E7C0010C882 /* Info.plist */,
			);
			path = UBBTests;
			sourceTree = "<group>";
		};
		D0C6AEA51FB340800010C882 /* Model */ = {
			isa = PBXGroup;
			children = (
				D04C2B8C1FB364BC000C8813 /* News.swift */,
				D0F66B3D1FB485A800A00554 /* NewsManager.swift */,
			);
			path = Model;
			sourceTree = "<group>";
		};
		D0C6AEA61FB340960010C882 /* View */ = {
			isa = PBXGroup;
			children = (
				D0C6AE8D1FB33E7C0010C882 /* LaunchScreen.storyboard */,
				D0C6AE881FB33E7C0010C882 /* Main.storyboard */,
				D04C2B8A1FB35828000C8813 /* NewsTableViewCell.swift */,
			);
			path = View;
			sourceTree = "<group>";
		};
		D0C6AEA71FB3409D0010C882 /* Controller */ = {
			isa = PBXGroup;
			children = (
				D0C6AE841FB33E7C0010C882 /* FirstViewController.swift */,
				D0C6AE861FB33E7C0010C882 /* SecondViewController.swift */,
				D04C2B801FB34E38000C8813 /* NewsTableViewController.swift */,
				F59FD5941FB5EE35000C67C2 /* SplashViewController.swift */,
			);
			path = Controller;
			sourceTree = "<group>";
		};
		D0C6AEA81FB340B20010C882 /* Supporting Files */ = {
			isa = PBXGroup;
			children = (
				D04C2B841FB35580000C8813 /* Gesta Bold.ttf */,
				D04C2B821FB35580000C8813 /* Gesta Italic.ttf */,
				D04C2B831FB35580000C8813 /* Gesta Light.ttf */,
				D04C2B851FB35580000C8813 /* Gesta Regular.ttf */,
				D0C6AE8B1FB33E7C0010C882 /* Assets.xcassets */,
				D0C6AE821FB33E7C0010C882 /* AppDelegate.swift */,
			);
			path = "Supporting Files";
			sourceTree = "<group>";
		};
/* End PBXGroup section */

/* Begin PBXNativeTarget section */
		D0C6AE7E1FB33E7C0010C882 /* UBB */ = {
			isa = PBXNativeTarget;
			buildConfigurationList = D0C6AE9E1FB33E7C0010C882 /* Build configuration list for PBXNativeTarget "UBB" */;
			buildPhases = (
				D0C6AE7B1FB33E7C0010C882 /* Sources */,
				D0C6AE7C1FB33E7C0010C882 /* Frameworks */,
				D0C6AE7D1FB33E7C0010C882 /* Resources */,
			);
			buildRules = (
			);
			dependencies = (
			);
			name = UBB;
			productName = UBB;
			productReference = D0C6AE7F1FB33E7C0010C882 /* UBB.app */;
			productType = "com.apple.product-type.application";
		};
		D0C6AE941FB33E7C0010C882 /* UBBTests */ = {
			isa = PBXNativeTarget;
			buildConfigurationList = D0C6AEA11FB33E7C0010C882 /* Build configuration list for PBXNativeTarget "UBBTests" */;
			buildPhases = (
				D0C6AE911FB33E7C0010C882 /* Sources */,
				D0C6AE921FB33E7C0010C882 /* Frameworks */,
				D0C6AE931FB33E7C0010C882 /* Resources */,
			);
			buildRules = (
			);
			dependencies = (
				D0C6AE971FB33E7C0010C882 /* PBXTargetDependency */,
			);
			name = UBBTests;
			productName = UBBTests;
			productReference = D0C6AE951FB33E7C0010C882 /* UBBTests.xctest */;
			productType = "com.apple.product-type.bundle.unit-test";
		};
/* End PBXNativeTarget section */

/* Begin PBXProject section */
		D0C6AE771FB33E7C0010C882 /* Project object */ = {
			isa = PBXProject;
			attributes = {
				LastSwiftUpdateCheck = 0910;
				LastUpgradeCheck = 0910;
				ORGANIZATIONNAME = "Sébastien Gaya";
				TargetAttributes = {
					D0C6AE7E1FB33E7C0010C882 = {
						CreatedOnToolsVersion = 9.1;
						ProvisioningStyle = Automatic;
					};
					D0C6AE941FB33E7C0010C882 = {
						CreatedOnToolsVersion = 9.1;
						ProvisioningStyle = Automatic;
						TestTargetID = D0C6AE7E1FB33E7C0010C882;
					};
				};
			};
			buildConfigurationList = D0C6AE7A1FB33E7C0010C882 /* Build configuration list for PBXProject "UBB" */;
			compatibilityVersion = "Xcode 8.0";
			developmentRegion = en;
			hasScannedForEncodings = 0;
			knownRegions = (
				en,
				Base,
			);
			mainGroup = D0C6AE761FB33E7C0010C882;
			productRefGroup = D0C6AE801FB33E7C0010C882 /* Products */;
			projectDirPath = "";
			projectRoot = "";
			targets = (
				D0C6AE7E1FB33E7C0010C882 /* UBB */,
				D0C6AE941FB33E7C0010C882 /* UBBTests */,
			);
		};
/* End PBXProject section */

/* Begin PBXResourcesBuildPhase section */
		D0C6AE7D1FB33E7C0010C882 /* Resources */ = {
			isa = PBXResourcesBuildPhase;
			buildActionMask = 2147483647;
			files = (
				D0C6AE8F1FB33E7C0010C882 /* LaunchScreen.storyboard in Resources */,
				D0C6AE8C1FB33E7C0010C882 /* Assets.xcassets in Resources */,
				D04C2B871FB35580000C8813 /* Gesta Light.ttf in Resources */,
				D04C2B881FB35580000C8813 /* Gesta Bold.ttf in Resources */,
				D04C2B891FB35580000C8813 /* Gesta Regular.ttf in Resources */,
				D04C2B861FB35580000C8813 /* Gesta Italic.ttf in Resources */,
				D0C6AE8A1FB33E7C0010C882 /* Main.storyboard in Resources */,
			);
			runOnlyForDeploymentPostprocessing = 0;
		};
		D0C6AE931FB33E7C0010C882 /* Resources */ = {
			isa = PBXResourcesBuildPhase;
			buildActionMask = 2147483647;
			files = (
			);
			runOnlyForDeploymentPostprocessing = 0;
		};
/* End PBXResourcesBuildPhase section */

/* Begin PBXSourcesBuildPhase section */
		D0C6AE7B1FB33E7C0010C882 /* Sources */ = {
			isa = PBXSourcesBuildPhase;
			buildActionMask = 2147483647;
			files = (
				D04C2B811FB34E38000C8813 /* NewsTableViewController.swift in Sources */,
				D0C6AE871FB33E7C0010C882 /* SecondViewController.swift in Sources */,
				D04C2B8B1FB35828000C8813 /* NewsTableViewCell.swift in Sources */,
				F59FD5951FB5EE35000C67C2 /* SplashViewController.swift in Sources */,
				D0C6AE831FB33E7C0010C882 /* AppDelegate.swift in Sources */,
				D04C2B8D1FB364BC000C8813 /* News.swift in Sources */,
				D0F66B3E1FB485A900A00554 /* NewsManager.swift in Sources */,
				D0C6AE851FB33E7C0010C882 /* FirstViewController.swift in Sources */,
			);
			runOnlyForDeploymentPostprocessing = 0;
		};
		D0C6AE911FB33E7C0010C882 /* Sources */ = {
			isa = PBXSourcesBuildPhase;
			buildActionMask = 2147483647;
			files = (
				D0C6AE9A1FB33E7C0010C882 /* UBBTests.swift in Sources */,
			);
			runOnlyForDeploymentPostprocessing = 0;
		};
/* End PBXSourcesBuildPhase section */

/* Begin PBXTargetDependency section */
		D0C6AE971FB33E7C0010C882 /* PBXTargetDependency */ = {
			isa = PBXTargetDependency;
			target = D0C6AE7E1FB33E7C0010C882 /* UBB */;
			targetProxy = D0C6AE961FB33E7C0010C882 /* PBXContainerItemProxy */;
		};
/* End PBXTargetDependency section */

/* Begin PBXVariantGroup section */
		D0C6AE881FB33E7C0010C882 /* Main.storyboard */ = {
			isa = PBXVariantGroup;
			children = (
				D0C6AE891FB33E7C0010C882 /* Base */,
			);
			name = Main.storyboard;
			sourceTree = "<group>";
		};
		D0C6AE8D1FB33E7C0010C882 /* LaunchScreen.storyboard */ = {
			isa = PBXVariantGroup;
			children = (
				D0C6AE8E1FB33E7C0010C882 /* Base */,
			);
			name = LaunchScreen.storyboard;
			sourceTree = "<group>";
		};
/* End PBXVariantGroup section */

/* Begin XCBuildConfiguration section */
		D0C6AE9C1FB33E7C0010C882 /* Debug */ = {
			isa = XCBuildConfiguration;
			buildSettings = {
				ALWAYS_SEARCH_USER_PATHS = NO;
				CLANG_ANALYZER_NONNULL = YES;
				CLANG_ANALYZER_NUMBER_OBJECT_CONVERSION = YES_AGGRESSIVE;
				CLANG_CXX_LANGUAGE_STANDARD = "gnu++14";
				CLANG_CXX_LIBRARY = "libc++";
				CLANG_ENABLE_MODULES = YES;
				CLANG_ENABLE_OBJC_ARC = YES;
				CLANG_WARN_BLOCK_CAPTURE_AUTORELEASING = YES;
				CLANG_WARN_BOOL_CONVERSION = YES;
				CLANG_WARN_COMMA = YES;
				CLANG_WARN_CONSTANT_CONVERSION = YES;
				CLANG_WARN_DIRECT_OBJC_ISA_USAGE = YES_ERROR;
				CLANG_WARN_DOCUMENTATION_COMMENTS = YES;
				CLANG_WARN_EMPTY_BODY = YES;
				CLANG_WARN_ENUM_CONVERSION = YES;
				CLANG_WARN_INFINITE_RECURSION = YES;
				CLANG_WARN_INT_CONVERSION = YES;
				CLANG_WARN_NON_LITERAL_NULL_CONVERSION = YES;
				CLANG_WARN_OBJC_LITERAL_CONVERSION = YES;
				CLANG_WARN_OBJC_ROOT_CLASS = YES_ERROR;
				CLANG_WARN_RANGE_LOOP_ANALYSIS = YES;
				CLANG_WARN_STRICT_PROTOTYPES = YES;
				CLANG_WARN_SUSPICIOUS_MOVE = YES;
				CLANG_WARN_UNGUARDED_AVAILABILITY = YES_AGGRESSIVE;
				CLANG_WARN_UNREACHABLE_CODE = YES;
				CLANG_WARN__DUPLICATE_METHOD_MATCH = YES;
				CODE_SIGN_IDENTITY = "iPhone Developer";
				COPY_PHASE_STRIP = NO;
				DEBUG_INFORMATION_FORMAT = dwarf;
				ENABLE_STRICT_OBJC_MSGSEND = YES;
				ENABLE_TESTABILITY = YES;
				GCC_C_LANGUAGE_STANDARD = gnu11;
				GCC_DYNAMIC_NO_PIC = NO;
				GCC_NO_COMMON_BLOCKS = YES;
				GCC_OPTIMIZATION_LEVEL = 0;
				GCC_PREPROCESSOR_DEFINITIONS = (
					"DEBUG=1",
					"$(inherited)",
				);
				GCC_WARN_64_TO_32_BIT_CONVERSION = YES;
				GCC_WARN_ABOUT_RETURN_TYPE = YES_ERROR;
				GCC_WARN_UNDECLARED_SELECTOR = YES;
				GCC_WARN_UNINITIALIZED_AUTOS = YES_AGGRESSIVE;
				GCC_WARN_UNUSED_FUNCTION = YES;
				GCC_WARN_UNUSED_VARIABLE = YES;
				IPHONEOS_DEPLOYMENT_TARGET = 11.1;
				MTL_ENABLE_DEBUG_INFO = YES;
				ONLY_ACTIVE_ARCH = YES;
				SDKROOT = iphoneos;
				SWIFT_ACTIVE_COMPILATION_CONDITIONS = DEBUG;
				SWIFT_OPTIMIZATION_LEVEL = "-Onone";
			};
			name = Debug;
		};
		D0C6AE9D1FB33E7C0010C882 /* Release */ = {
			isa = XCBuildConfiguration;
			buildSettings = {
				ALWAYS_SEARCH_USER_PATHS = NO;
				CLANG_ANALYZER_NONNULL = YES;
				CLANG_ANALYZER_NUMBER_OBJECT_CONVERSION = YES_AGGRESSIVE;
				CLANG_CXX_LANGUAGE_STANDARD = "gnu++14";
				CLANG_CXX_LIBRARY = "libc++";
				CLANG_ENABLE_MODULES = YES;
				CLANG_ENABLE_OBJC_ARC = YES;
				CLANG_WARN_BLOCK_CAPTURE_AUTORELEASING = YES;
				CLANG_WARN_BOOL_CONVERSION = YES;
				CLANG_WARN_COMMA = YES;
				CLANG_WARN_CONSTANT_CONVERSION = YES;
				CLANG_WARN_DIRECT_OBJC_ISA_USAGE = YES_ERROR;
				CLANG_WARN_DOCUMENTATION_COMMENTS = YES;
				CLANG_WARN_EMPTY_BODY = YES;
				CLANG_WARN_ENUM_CONVERSION = YES;
				CLANG_WARN_INFINITE_RECURSION = YES;
				CLANG_WARN_INT_CONVERSION = YES;
				CLANG_WARN_NON_LITERAL_NULL_CONVERSION = YES;
				CLANG_WARN_OBJC_LITERAL_CONVERSION = YES;
				CLANG_WARN_OBJC_ROOT_CLASS = YES_ERROR;
				CLANG_WARN_RANGE_LOOP_ANALYSIS = YES;
				CLANG_WARN_STRICT_PROTOTYPES = YES;
				CLANG_WARN_SUSPICIOUS_MOVE = YES;
				CLANG_WARN_UNGUARDED_AVAILABILITY = YES_AGGRESSIVE;
				CLANG_WARN_UNREACHABLE_CODE = YES;
				CLANG_WARN__DUPLICATE_METHOD_MATCH = YES;
				CODE_SIGN_IDENTITY = "iPhone Developer";
				COPY_PHASE_STRIP = NO;
				DEBUG_INFORMATION_FORMAT = "dwarf-with-dsym";
				ENABLE_NS_ASSERTIONS = NO;
				ENABLE_STRICT_OBJC_MSGSEND = YES;
				GCC_C_LANGUAGE_STANDARD = gnu11;
				GCC_NO_COMMON_BLOCKS = YES;
				GCC_WARN_64_TO_32_BIT_CONVERSION = YES;
				GCC_WARN_ABOUT_RETURN_TYPE = YES_ERROR;
				GCC_WARN_UNDECLARED_SELECTOR = YES;
				GCC_WARN_UNINITIALIZED_AUTOS = YES_AGGRESSIVE;
				GCC_WARN_UNUSED_FUNCTION = YES;
				GCC_WARN_UNUSED_VARIABLE = YES;
				IPHONEOS_DEPLOYMENT_TARGET = 11.1;
				MTL_ENABLE_DEBUG_INFO = NO;
				SDKROOT = iphoneos;
				SWIFT_OPTIMIZATION_LEVEL = "-Owholemodule";
				VALIDATE_PRODUCT = YES;
			};
			name = Release;
		};
		D0C6AE9F1FB33E7C0010C882 /* Debug */ = {
			isa = XCBuildConfiguration;
			buildSettings = {
				ASSETCATALOG_COMPILER_APPICON_NAME = AppIcon;
				CODE_SIGN_STYLE = Automatic;
				DEVELOPMENT_TEAM = 85CYHJQ6V6;
				INFOPLIST_FILE = UBB/Info.plist;
				IPHONEOS_DEPLOYMENT_TARGET = 11.0;
				LD_RUNPATH_SEARCH_PATHS = "$(inherited) @executable_path/Frameworks";
				PRODUCT_BUNDLE_IDENTIFIER = com.sebastiengaya.UBB;
				PRODUCT_NAME = "$(TARGET_NAME)";
				SWIFT_VERSION = 4.0;
				TARGETED_DEVICE_FAMILY = "1,2";
			};
			name = Debug;
		};
		D0C6AEA01FB33E7C0010C882 /* Release */ = {
			isa = XCBuildConfiguration;
			buildSettings = {
				ASSETCATALOG_COMPILER_APPICON_NAME = AppIcon;
				CODE_SIGN_STYLE = Automatic;
				DEVELOPMENT_TEAM = 85CYHJQ6V6;
				INFOPLIST_FILE = UBB/Info.plist;
				IPHONEOS_DEPLOYMENT_TARGET = 11.0;
				LD_RUNPATH_SEARCH_PATHS = "$(inherited) @executable_path/Frameworks";
				PRODUCT_BUNDLE_IDENTIFIER = com.sebastiengaya.UBB;
				PRODUCT_NAME = "$(TARGET_NAME)";
				SWIFT_VERSION = 4.0;
				TARGETED_DEVICE_FAMILY = "1,2";
			};
			name = Release;
		};
		D0C6AEA21FB33E7C0010C882 /* Debug */ = {
			isa = XCBuildConfiguration;
			buildSettings = {
				ALWAYS_EMBED_SWIFT_STANDARD_LIBRARIES = YES;
				BUNDLE_LOADER = "$(TEST_HOST)";
				CODE_SIGN_STYLE = Automatic;
				DEVELOPMENT_TEAM = J4YFA782YD;
				INFOPLIST_FILE = UBBTests/Info.plist;
				IPHONEOS_DEPLOYMENT_TARGET = 11.0;
				LD_RUNPATH_SEARCH_PATHS = "$(inherited) @executable_path/Frameworks @loader_path/Frameworks";
				PRODUCT_BUNDLE_IDENTIFIER = com.sebastiengaya.UBBTests;
				PRODUCT_NAME = "$(TARGET_NAME)";
				SWIFT_VERSION = 4.0;
				TARGETED_DEVICE_FAMILY = "1,2";
				TEST_HOST = "$(BUILT_PRODUCTS_DIR)/UBB.app/UBB";
			};
			name = Debug;
		};
		D0C6AEA31FB33E7C0010C882 /* Release */ = {
			isa = XCBuildConfiguration;
			buildSettings = {
				ALWAYS_EMBED_SWIFT_STANDARD_LIBRARIES = YES;
				BUNDLE_LOADER = "$(TEST_HOST)";
				CODE_SIGN_STYLE = Automatic;
				DEVELOPMENT_TEAM = J4YFA782YD;
				INFOPLIST_FILE = UBBTests/Info.plist;
				IPHONEOS_DEPLOYMENT_TARGET = 11.0;
				LD_RUNPATH_SEARCH_PATHS = "$(inherited) @executable_path/Frameworks @loader_path/Frameworks";
				PRODUCT_BUNDLE_IDENTIFIER = com.sebastiengaya.UBBTests;
				PRODUCT_NAME = "$(TARGET_NAME)";
				SWIFT_VERSION = 4.0;
				TARGETED_DEVICE_FAMILY = "1,2";
				TEST_HOST = "$(BUILT_PRODUCTS_DIR)/UBB.app/UBB";
			};
			name = Release;
		};
/* End XCBuildConfiguration section */

/* Begin XCConfigurationList section */
		D0C6AE7A1FB33E7C0010C882 /* Build configuration list for PBXProject "UBB" */ = {
			isa = XCConfigurationList;
			buildConfigurations = (
				D0C6AE9C1FB33E7C0010C882 /* Debug */,
				D0C6AE9D1FB33E7C0010C882 /* Release */,
			);
			defaultConfigurationIsVisible = 0;
			defaultConfigurationName = Release;
		};
		D0C6AE9E1FB33E7C0010C882 /* Build configuration list for PBXNativeTarget "UBB" */ = {
			isa = XCConfigurationList;
			buildConfigurations = (
				D0C6AE9F1FB33E7C0010C882 /* Debug */,
				D0C6AEA01FB33E7C0010C882 /* Release */,
			);
			defaultConfigurationIsVisible = 0;
			defaultConfigurationName = Release;
		};
		D0C6AEA11FB33E7C0010C882 /* Build configuration list for PBXNativeTarget "UBBTests" */ = {
			isa = XCConfigurationList;
			buildConfigurations = (
				D0C6AEA21FB33E7C0010C882 /* Debug */,
				D0C6AEA31FB33E7C0010C882 /* Release */,
			);
			defaultConfigurationIsVisible = 0;
			defaultConfigurationName = Release;
		};
/* End XCConfigurationList section */
	};
	rootObject = D0C6AE771FB33E7C0010C882 /* Project object */;
}
